
Microsoft Visual Studio Solution File, Format Version 12.00
# Visual Studio 15
VisualStudioVersion = 15.0.27703.2026
MinimumVisualStudioVersion = 10.0.40219.1
Project("{FAE04EC0-301F-11D3-BF4B-00C04F79EFBC}") = "Api", "Api\Api.csproj", "{93EECAD3-E89C-4501-A52B-8D3171D48711}"
EndProject
Project("{FAE04EC0-301F-11D3-BF4B-00C04F79EFBC}") = "Client", "Client\Client.csproj", "{AED5E923-436A-45AB-8955-A9BC2D41B302}"
EndProject
Global
	GlobalSection(SolutionConfigurationPlatforms) = preSolution
		Debug|Any CPU = Debug|Any CPU
		Release|Any CPU = Release|Any CPU
	EndGlobalSection
	GlobalSection(ProjectConfigurationPlatforms) = postSolution
		{93EECAD3-E89C-4501-A52B-8D3171D48711}.Debug|Any CPU.ActiveCfg = Debug|Any CPU
		{93EECAD3-E89C-4501-A52B-8D3171D48711}.Debug|Any CPU.Build.0 = Debug|Any CPU
		{93EECAD3-E89C-4501-A52B-8D3171D48711}.Release|Any CPU.ActiveCfg = Release|Any CPU
		{93EECAD3-E89C-4501-A52B-8D3171D48711}.Release|Any CPU.Build.0 = Release|Any CPU
		{AED5E923-436A-45AB-8955-A9BC2D41B302}.Debug|Any CPU.ActiveCfg = Debug|Any CPU
		{AED5E923-436A-45AB-8955-A9BC2D41B302}.Debug|Any CPU.Build.0 = Debug|Any CPU
		{AED5E923-436A-45AB-8955-A9BC2D41B302}.Release|Any CPU.ActiveCfg = Release|Any CPU
		{AED5E923-436A-45AB-8955-A9BC2D41B302}.Release|Any CPU.Build.0 = Release|Any CPU
	EndGlobalSection
	GlobalSection(SolutionProperties) = preSolution
		HideSolutionNode = FALSE
	EndGlobalSection
	GlobalSection(ExtensibilityGlobals) = postSolution
		SolutionGuid = {51F264F9-7166-4EED-9390-200C4E0F4B80}
	EndGlobalSection
EndGlobal
